{
  "name": "audio-detector",
  "version": "1.0.0",
  "lockfileVersion": 3,
  "requires": true,
  "packages": {
    "": {
      "name": "audio-detector",
      "version": "1.0.0",
      "license": "ISC",
      "dependencies": {
        "wildemitter": "^1.2.1"
      }
    },
    "node_modules/wildemitter": {
      "version": "1.2.1",
      "resolved": "https://registry.npmjs.org/wildemitter/-/wildemitter-1.2.1.tgz",
      "integrity": "sha512-UMmSUoIQSir+XbBpTxOTS53uJ8s/lVhADCkEbhfRjUGFDPme/XGOb0sBWLx5sTz7Wx/2+TlAw1eK9O5lw5PiEw=="
    }
  }
}
